// !$*UTF8*$!
{
	archiveVersion = 1;
	classes = {
	};
	objectVersion = 46;
	objects = {

/* Begin PBXBuildFile section */
		F72D626E1DF6477E0043D4E9 /* ViewController.m in Sources */ = {isa = PBXBuildFile; fileRef = F72D62621DF6477E0043D4E9 /* ViewController.m */; };
		F72D626F1DF6477E0043D4E9 /* AppDelegate.m in Sources */ = {isa = PBXBuildFile; fileRef = F72D62671DF6477E0043D4E9 /* AppDelegate.m */; };
		F72D62701DF6477E0043D4E9 /* Assets.xcassets in Resources */ = {isa = PBXBuildFile; fileRef = F72D62681DF6477E0043D4E9 /* Assets.xcassets */; };
		F72D62711DF6477E0043D4E9 /* LaunchScreen.storyboard in Resources */ = {isa = PBXBuildFile; fileRef = F72D62691DF6477E0043D4E9 /* LaunchScreen.storyboard */; };
		F72D62721DF6477E0043D4E9 /* Main.storyboard in Resources */ = {isa = PBXBuildFile; fileRef = F72D626B1DF6477E0043D4E9 /* Main.storyboard */; };
		F72D62731DF6477E0043D4E9 /* main.m in Sources */ = {isa = PBXBuildFile; fileRef = F72D626D1DF6477E0043D4E9 /* main.m */; };
/* End PBXBuildFile section */

/* Begin PBXFileReference section */
		F72D62441DF6462D0043D4E9 /* JSRefresh_Extension.app */ = {isa = PBXFileReference; explicitFileType = wrapper.application; includeInIndex = 0; path = JSRefresh_Extension.app; sourceTree = BUILT_PRODUCTS_DIR; };
		F72D62581DF6462D0043D4E9 /* Info.plist */ = {isa = PBXFileReference; lastKnownFileType = text.plist.xml; path = Info.plist; sourceTree = "<group>"; };
		F72D62611DF6477E0043D4E9 /* ViewController.h */ = {isa = PBXFileReference; fileEncoding = 4; lastKnownFileType = sourcecode.c.h; path = ViewController.h; sourceTree = "<group>"; };
		F72D62621DF6477E0043D4E9 /* ViewController.m */ = {isa = PBXFileReference; fileEncoding = 4; lastKnownFileType = sourcecode.c.objc; path = ViewController.m; sourceTree = "<group>"; };
		F72D62661DF6477E0043D4E9 /* AppDelegate.h */ = {isa = PBXFileReference; fileEncoding = 4; lastKnownFileType = sourcecode.c.h; path = AppDelegate.h; sourceTree = "<group>"; };
		F72D62671DF6477E0043D4E9 /* AppDelegate.m */ = {isa = PBXFileReference; fileEncoding = 4; lastKnownFileType = sourcecode.c.objc; path = AppDelegate.m; sourceTree = "<group>"; };
		F72D62681DF6477E0043D4E9 /* Assets.xcassets */ = {isa = PBXFileReference; lastKnownFileType = folder.assetcatalog; path = Assets.xcassets; sourceTree = "<group>"; };
		F72D626A1DF6477E0043D4E9 /* Base */ = {isa = PBXFileReference; lastKnownFileType = file.storyboard; name = Base; path = Base.lproj/LaunchScreen.storyboard; sourceTree = "<group>"; };
		F72D626C1DF6477E0043D4E9 /* Base */ = {isa = PBXFileReference; lastKnownFileType = file.storyboard; name = Base; path = Base.lproj/Main.storyboard; sourceTree = "<group>"; };
		F72D626D1DF6477E0043D4E9 /* main.m */ = {isa = PBXFileReference; fileEncoding = 4; lastKnownFileType = sourcecode.c.objc; path = main.m; sourceTree = "<group>"; };
/* End PBXFileReference section */

/* Begin PBXFrameworksBuildPhase section */
		F72D62411DF6462D0043D4E9 /* Frameworks */ = {
			isa = PBXFrameworksBuildPhase;
			buildActionMask = 2147483647;
			files = (
			);
			runOnlyForDeploymentPostprocessing = 0;
		};
/* End PBXFrameworksBuildPhase section */

/* Begin PBXGroup section */
		F72D623B1DF6462D0043D4E9 = {
			isa = PBXGroup;
			children = (
				F72D62461DF6462D0043D4E9 /* JSRefresh_Extension */,
				F72D62451DF6462D0043D4E9 /* Products */,
			);
			sourceTree = "<group>";
		};
		F72D62451DF6462D0043D4E9 /* Products */ = {
			isa = PBXGroup;
			children = (
				F72D62441DF6462D0043D4E9 /* JSRefresh_Extension.app */,
			);
			name = Products;
			sourceTree = "<group>";
		};
		F72D62461DF6462D0043D4E9 /* JSRefresh_Extension */ = {
			isa = PBXGroup;
			children = (
				F72D62741DF6479F0043D4E9 /* JSRefreshExtension */,
				F72D625E1DF6477E0043D4E9 /* Example */,
				F72D62581DF6462D0043D4E9 /* Info.plist */,
			);
			path = JSRefresh_Extension;
			sourceTree = "<group>";
		};
		F72D625E1DF6477E0043D4E9 /* Example */ = {
			isa = PBXGroup;
			children = (
				F72D625F1DF6477E0043D4E9 /* Class */,
				F72D62651DF6477E0043D4E9 /* SupportingFiles */,
			);
			path = Example;
			sourceTree = "<group>";
		};
		F72D625F1DF6477E0043D4E9 /* Class */ = {
			isa = PBXGroup;
			children = (
				F72D62601DF6477E0043D4E9 /* Controller */,
				F72D62631DF6477E0043D4E9 /* Model */,
				F72D62641DF6477E0043D4E9 /* View */,
			);
			path = Class;
			sourceTree = "<group>";
		};
		F72D62601DF6477E0043D4E9 /* Controller */ = {
			isa = PBXGroup;
			children = (
				F72D62611DF6477E0043D4E9 /* ViewController.h */,
				F72D62621DF6477E0043D4E9 /* ViewController.m */,
			);
			path = Controller;
			sourceTree = "<group>";
		};
		F72D62631DF6477E0043D4E9 /* Model */ = {
			isa = PBXGroup;
			children = (
			);
			path = Model;
			sourceTree = "<group>";
		};
		F72D62641DF6477E0043D4E9 /* View */ = {
			isa = PBXGroup;
			children = (
			);
			path = View;
			sourceTree = "<group>";
		};
		F72D62651DF6477E0043D4E9 /* SupportingFiles */ = {
			isa = PBXGroup;
			children = (
				F72D62661DF6477E0043D4E9 /* AppDelegate.h */,
				F72D62671DF6477E0043D4E9 /* AppDelegate.m */,
				F72D62681DF6477E0043D4E9 /* Assets.xcassets */,
				F72D62691DF6477E0043D4E9 /* LaunchScreen.storyboard */,
				F72D626B1DF6477E0043D4E9 /* Main.storyboard */,
				F72D626D1DF6477E0043D4E9 /* main.m */,
			);
			path = SupportingFiles;
			sourceTree = "<group>";
		};
		F72D62741DF6479F0043D4E9 /* JSRefreshExtension */ = {
			isa = PBXGroup;
			children = (
			);
			path = JSRefreshExtension;
			sourceTree = "<group>";
		};
/* End PBXGroup section */

/* Begin PBXNativeTarget section */
		F72D62431DF6462D0043D4E9 /* JSRefresh_Extension */ = {
			isa = PBXNativeTarget;
			buildConfigurationList = F72D625B1DF6462D0043D4E9 /* Build configuration list for PBXNativeTarget "JSRefresh_Extension" */;
			buildPhases = (
				F72D62401DF6462D0043D4E9 /* Sources */,
				F72D62411DF6462D0043D4E9 /* Frameworks */,
				F72D62421DF6462D0043D4E9 /* Resources */,
			);
			buildRules = (
			);
			dependencies = (
			);
			name = JSRefresh_Extension;
			productName = JSRefresh_Extension;
			productReference = F72D62441DF6462D0043D4E9 /* JSRefresh_Extension.app */;
			productType = "com.apple.product-type.application";
		};
/* End PBXNativeTarget section */

/* Begin PBXProject section */
		F72D623C1DF6462D0043D4E9 /* Project object */ = {
			isa = PBXProject;
			attributes = {
				LastUpgradeCheck = 0730;
				ORGANIZATIONNAME = ShenYj;
				TargetAttributes = {
					F72D62431DF6462D0043D4E9 = {
						CreatedOnToolsVersion = 7.3.1;
						DevelopmentTeam = KS5QTFAS57;
					};
				};
			};
			buildConfigurationList = F72D623F1DF6462D0043D4E9 /* Build configuration list for PBXProject "JSRefresh_Extension" */;
			compatibilityVersion = "Xcode 3.2";
			developmentRegion = English;
			hasScannedForEncodings = 0;
			knownRegions = (
				en,
				Base,
			);
			mainGroup = F72D623B1DF6462D0043D4E9;
			productRefGroup = F72D62451DF6462D0043D4E9 /* Products */;
			projectDirPath = "";
			projectRoot = "";
			targets = (
				F72D62431DF6462D0043D4E9 /* JSRefresh_Extension */,
			);
		};
/* End PBXProject section */

/* Begin PBXResourcesBuildPhase section */
		F72D62421DF6462D0043D4E9 /* Resources */ = {
			isa = PBXResourcesBuildPhase;
			buildActionMask = 2147483647;
			files = (
				F72D62721DF6477E0043D4E9 /* Main.storyboard in Resources */,
				F72D62701DF6477E0043D4E9 /* Assets.xcassets in Resources */,
				F72D62711DF6477E0043D4E9 /* LaunchScreen.storyboard in Resources */,
			);
			runOnlyForDeploymentPostprocessing = 0;
		};
/* End PBXResourcesBuildPhase section */

/* Begin PBXSourcesBuildPhase section */
		F72D62401DF6462D0043D4E9 /* Sources */ = {
			isa = PBXSourcesBuildPhase;
			buildActionMask = 2147483647;
			files = (
				F72D626F1DF6477E0043D4E9 /* AppDelegate.m in Sources */,
				F72D62731DF6477E0043D4E9 /* main.m in Sources */,
				F72D626E1DF6477E0043D4E9 /* ViewController.m in Sources */,
			);
			runOnlyForDeploymentPostprocessing = 0;
		};
/* End PBXSourcesBuildPhase section */

/* Begin PBXVariantGroup section */
		F72D62691DF6477E0043D4E9 /* LaunchScreen.storyboard */ = {
			isa = PBXVariantGroup;
			children = (
				F72D626A1DF6477E0043D4E9 /* Base */,
			);
			name = LaunchScreen.storyboard;
			sourceTree = "<group>";
		};
		F72D626B1DF6477E0043D4E9 /* Main.storyboard */ = {
			isa = PBXVariantGroup;
			children = (
				F72D626C1DF6477E0043D4E9 /* Base */,
			);
			name = Main.storyboard;
			sourceTree = "<group>";
		};
/* End PBXVariantGroup section */

/* Begin XCBuildConfiguration section */
		F72D62591DF6462D0043D4E9 /* Debug */ = {
			isa = XCBuildConfiguration;
			buildSettings = {
				ALWAYS_SEARCH_USER_PATHS = NO;
				CLANG_ANALYZER_NONNULL = YES;
				CLANG_CXX_LANGUAGE_STANDARD = "gnu++0x";
				CLANG_CXX_LIBRARY = "libc++";
				CLANG_ENABLE_MODULES = YES;
				CLANG_ENABLE_OBJC_ARC = YES;
				CLANG_WARN_BOOL_CONVERSION = YES;
				CLANG_WARN_CONSTANT_CONVERSION = YES;
				CLANG_WARN_DIRECT_OBJC_ISA_USAGE = YES_ERROR;
				CLANG_WARN_EMPTY_BODY = YES;
				CLANG_WARN_ENUM_CONVERSION = YES;
				CLANG_WARN_INT_CONVERSION = YES;
				CLANG_WARN_OBJC_ROOT_CLASS = YES_ERROR;
				CLANG_WARN_UNREACHABLE_CODE = YES;
				CLANG_WARN__DUPLICATE_METHOD_MATCH = YES;
				"CODE_SIGN_IDENTITY[sdk=iphoneos*]" = "iPhone Developer";
				COPY_PHASE_STRIP = NO;
				DEBUG_INFORMATION_FORMAT = dwarf;
				ENABLE_STRICT_OBJC_MSGSEND = YES;
				ENABLE_TESTABILITY = YES;
				GCC_C_LANGUAGE_STANDARD = gnu99;
				GCC_DYNAMIC_NO_PIC = NO;
				GCC_NO_COMMON_BLOCKS = YES;
				GCC_OPTIMIZATION_LEVEL = 0;
				GCC_PREPROCESSOR_DEFINITIONS = (
					"DEBUG=1",
					"$(inherited)",
				);
				GCC_WARN_64_TO_32_BIT_CONVERSION = YES;
				GCC_WARN_ABOUT_RETURN_TYPE = YES_ERROR;
				GCC_WARN_UNDECLARED_SELECTOR = YES;
				GCC_WARN_UNINITIALIZED_AUTOS = YES_AGGRESSIVE;
				GCC_WARN_UNUSED_FUNCTION = YES;
				GCC_WARN_UNUSED_VARIABLE = YES;
				IPHONEOS_DEPLOYMENT_TARGET = 9.3;
				MTL_ENABLE_DEBUG_INFO = YES;
				ONLY_ACTIVE_ARCH = YES;
				SDKROOT = iphoneos;
				TARGETED_DEVICE_FAMILY = "1,2";
			};
			name = Debug;
		};
		F72D625A1DF6462D0043D4E9 /* Release */ = {
			isa = XCBuildConfiguration;
			buildSettings = {
				ALWAYS_SEARCH_USER_PATHS = NO;
				CLANG_ANALYZER_NONNULL = YES;
				CLANG_CXX_LANGUAGE_STANDARD = "gnu++0x";
				CLANG_CXX_LIBRARY = "libc++";
				CLANG_ENABLE_MODULES = YES;
				CLANG_ENABLE_OBJC_ARC = YES;
				CLANG_WARN_BOOL_CONVERSION = YES;
				CLANG_WARN_CONSTANT_CONVERSION = YES;
				CLANG_WARN_DIRECT_OBJC_ISA_USAGE = YES_ERROR;
				CLANG_WARN_EMPTY_BODY = YES;
				CLANG_WARN_ENUM_CONVERSION = YES;
				CLANG_WARN_INT_CONVERSION = YES;
				CLANG_WARN_OBJC_ROOT_CLASS = YES_ERROR;
				CLANG_WARN_UNREACHABLE_CODE = YES;
				CLANG_WARN__DUPLICATE_METHOD_MATCH = YES;
				"CODE_SIGN_IDENTITY[sdk=iphoneos*]" = "iPhone Developer";
				COPY_PHASE_STRIP = NO;
				DEBUG_INFORMATION_FORMAT = "dwarf-with-dsym";
				ENABLE_NS_ASSERTIONS = NO;
				ENABLE_STRICT_OBJC_MSGSEND = YES;
				GCC_C_LANGUAGE_STANDARD = gnu99;
				GCC_NO_COMMON_BLOCKS = YES;
				GCC_WARN_64_TO_32_BIT_CONVERSION = YES;
				GCC_WARN_ABOUT_RETURN_TYPE = YES_ERROR;
				GCC_WARN_UNDECLARED_SELECTOR = YES;
				GCC_WARN_UNINITIALIZED_AUTOS = YES_AGGRESSIVE;
				GCC_WARN_UNUSED_FUNCTION = YES;
				GCC_WARN_UNUSED_VARIABLE = YES;
				IPHONEOS_DEPLOYMENT_TARGET = 9.3;
				MTL_ENABLE_DEBUG_INFO = NO;
				SDKROOT = iphoneos;
				TARGETED_DEVICE_FAMILY = "1,2";
				VALIDATE_PRODUCT = YES;
			};
			name = Release;
		};
		F72D625C1DF6462D0043D4E9 /* Debug */ = {
			isa = XCBuildConfiguration;
			buildSettings = {
				ASSETCATALOG_COMPILER_APPICON_NAME = AppIcon;
				INFOPLIST_FILE = JSRefresh_Extension/Info.plist;
				LD_RUNPATH_SEARCH_PATHS = "$(inherited) @executable_path/Frameworks";
				PRODUCT_BUNDLE_IDENTIFIER = "com.ShenYj.JSRefresh-Extension";
				PRODUCT_NAME = "$(TARGET_NAME)";
			};
			name = Debug;
		};
		F72D625D1DF6462D0043D4E9 /* Release */ = {
			isa = XCBuildConfiguration;
			buildSettings = {
				ASSETCATALOG_COMPILER_APPICON_NAME = AppIcon;
				INFOPLIST_FILE = JSRefresh_Extension/Info.plist;
				LD_RUNPATH_SEARCH_PATHS = "$(inherited) @executable_path/Frameworks";
				PRODUCT_BUNDLE_IDENTIFIER = "com.ShenYj.JSRefresh-Extension";
				PRODUCT_NAME = "$(TARGET_NAME)";
			};
			name = Release;
		};
/* End XCBuildConfiguration section */

/* Begin XCConfigurationList section */
		F72D623F1DF6462D0043D4E9 /* Build configuration list for PBXProject "JSRefresh_Extension" */ = {
			isa = XCConfigurationList;
			buildConfigurations = (
				F72D62591DF6462D0043D4E9 /* Debug */,
				F72D625A1DF6462D0043D4E9 /* Release */,
			);
			defaultConfigurationIsVisible = 0;
			defaultConfigurationName = Release;
		};
		F72D625B1DF6462D0043D4E9 /* Build configuration list for PBXNativeTarget "JSRefresh_Extension" */ = {
			isa = XCConfigurationList;
			buildConfigurations = (
				F72D625C1DF6462D0043D4E9 /* Debug */,
				F72D625D1DF6462D0043D4E9 /* Release */,
			);
			defaultConfigurationIsVisible = 0;
		};
/* End XCConfigurationList section */
	};
	rootObject = F72D623C1DF6462D0043D4E9 /* Project object */;
}
